
Microsoft Visual Studio Solution File, Format Version 12.00
# Visual Studio Version 16
VisualStudioVersion = 16.0.31019.35
MinimumVisualStudioVersion = 10.0.40219.1
Project("{FAE04EC0-301F-11D3-BF4B-00C04F79EFBC}") = "MagicScepter", "MagicScepter\MagicScepter.csproj", "{2C40D854-6BF9-4157-875D-2E3E311A64CE}"
EndProject
Global
	GlobalSection(SolutionConfigurationPlatforms) = preSolution
		Debug|Any CPU = Debug|Any CPU
		Release|Any CPU = Release|Any CPU
	EndGlobalSection
	GlobalSection(ProjectConfigurationPlatforms) = postSolution
		{2C40D854-6BF9-4157-875D-2E3E311A64CE}.Debug|Any CPU.ActiveCfg = Debug|Any CPU
		{2C40D854-6BF9-4157-875D-2E3E311A64CE}.Debug|Any CPU.Build.0 = Debug|Any CPU
		{2C40D854-6BF9-4157-875D-2E3E311A64CE}.Release|Any CPU.ActiveCfg = Release|Any CPU
		{2C40D854-6BF9-4157-875D-2E3E311A64CE}.Release|Any CPU.Build.0 = Release|Any CPU
	EndGlobalSection
	GlobalSection(SolutionProperties) = preSolution
		HideSolutionNode = FALSE
	EndGlobalSection
	GlobalSection(ExtensibilityGlobals) = postSolution
		SolutionGuid = {FAF34869-3F69-48C0-8A58-DE6E31A76F88}
	EndGlobalSection
EndGlobal
